{
  "version": 4,
  "terraform_version": "1.1.7",
  "serial": 42,
  "lineage": "719129c5-b8fb-3651-2380-24f442f679f8",
  "outputs": {},
  "resources": [
    {
      "mode": "managed",
      "type": "oci_core_instance",
      "name": "PublicInstance",
      "provider": "provider[\"registry.terraform.io/oracle/oci\"]",
      "instances": [
        {
          "schema_version": 0,
          "attributes": {
            "agent_config": [
              {
                "are_all_plugins_disabled": false,
                "is_management_disabled": false,
                "is_monitoring_disabled": false,
                "plugins_config": []
              }
            ],
            "async": null,
            "availability_config": [
              {
                "is_live_migration_preferred": false,
                "recovery_action": "RESTORE_INSTANCE"
              }
            ],
            "availability_domain": "ntyR:UK-LONDON-1-AD-1",
            "boot_volume_id": "ocid1.bootvolume.oc1.uk-london-1.abwgiljtqjsjsy6u7ob7yurqeitwdift76fhxx66ibsywzhcb4d7faxtgafq",
            "capacity_reservation_id": null,
            "compartment_id": "ocid1.compartment.oc1..aaaaaaaatugjo2bcrwpvldgdrsureaf2oxznf3kfiwiwxwm7jqpemozv2zfa",
            "create_vnic_details": [
              {
                "assign_private_dns_record": false,
                "assign_public_ip": "true",
                "defined_tags": {},
                "display_name": "WebFromTerraform",
                "freeform_tags": {},
                "hostname_label": "",
                "nsg_ids": [],
                "private_ip": "192.168.1.171",
                "skip_source_dest_check": false,
                "subnet_id": "ocid1.subnet.oc1.uk-london-1.aaaaaaaakj4ar7glzquveas4gbyduhtu2bzbqvvoi6kgqiz5ritgeeyecaha",
                "vlan_id": ""
              }
            ],
            "dedicated_vm_host_id": null,
            "defined_tags": {},
            "display_name": "WebFromTerraform",
            "extended_metadata": {},
            "fault_domain": "FAULT-DOMAIN-2",
            "freeform_tags": {},
            "hostname_label": "",
            "id": "ocid1.instance.oc1.uk-london-1.anwgiljt2ne4d2acep6jmqwsryzwm75uw5lfpz55gvky742tngavgngxpjiq",
            "image": "ocid1.image.oc1.uk-london-1.aaaaaaaadwao26icgeoa7oqi7asokxkdllua6ypyyc2avm5yb2qovrup6zaa",
            "instance_options": [
              {
                "are_legacy_imds_endpoints_disabled": false
              }
            ],
            "ipxe_script": null,
            "is_pv_encryption_in_transit_enabled": null,
            "launch_mode": "PARAVIRTUALIZED",
            "launch_options": [
              {
                "boot_volume_type": "PARAVIRTUALIZED",
                "firmware": "UEFI_64",
                "is_consistent_volume_naming_enabled": true,
                "is_pv_encryption_in_transit_enabled": false,
                "network_type": "PARAVIRTUALIZED",
                "remote_data_volume_type": "PARAVIRTUALIZED"
              }
            ],
            "metadata": {
              "ssh_authorized_keys": "ssh-rsa AAAAB3NzaC1yc2EAAAADAQABAAABAQDEWvdKl36LPzBpxN2mLYu3mD4FkaZT9F87eDvl5QpUjFjiY4/W6WQJg9reYLZCTwWaz4VlwAkFr48l4xO17eLkz0G7UcU4eDuKzlqT+5Sc25IfGNOi+rLD0bhpqZxWuXCoPirs/wxPtV0R64u4msRYA/HNK/HK5ouLZq45u+NGeqc50fsWLZEQ9ZY1OZWQd/Xod9f6fjn9GbVcrdqBrdld4rOzizC4pF0qKrdv1EyodXZwvAnkr/hcTTNdJ1GqL2OlFsVdpqJUsk660u7BMtyoVwFDvV5zedKWkRqVn/0KbGV5uEYNt3P2zNGR9peeBhw0Koh61dAiWGrzG9hSH0d7 opc@oci-terraform\n",
              "user_data": "IyEvYmluL2Jhc2gKc3VkbyAtdSByb290IHl1bSAteSAtcSBpbnN0YWxsIGh0dHBkCgpzdWRvIC11IHJvb3QgdG91Y2ggL3Zhci93d3cvaHRtbC9pbmRleC5odG1sCnN1ZG8gL2Jpbi9zdSAtYyAiZWNobyAnV2VsY29tZSB0byBTaWx2aXUhIFRoaXMgaXMgJChlY2hvICRIT1NUTkFNRSkuLi4nID4gL3Zhci93d3cvaHRtbC9pbmRleC5odG1sIgoKc3VkbyAtdSByb290IHNlcnZpY2UgZmlyZXdhbGxkIHN0b3AKc3VkbyAtdSByb290IHNlcnZpY2UgaHR0cGQgc3RhcnQKCg=="
            },
            "platform_config": [],
            "preemptible_instance_config": [],
            "preserve_boot_volume": null,
            "private_ip": "192.168.1.171",
            "public_ip": "140.238.70.137",
            "region": "uk-london-1",
            "shape": "VM.Standard2.1",
            "shape_config": [
              {
                "baseline_ocpu_utilization": "",
                "gpu_description": "",
                "gpus": 0,
                "local_disk_description": "",
                "local_disks": 0,
                "local_disks_total_size_in_gbs": 0,
                "max_vnic_attachments": 2,
                "memory_in_gbs": 15,
                "networking_bandwidth_in_gbps": 1,
                "nvmes": 0,
                "ocpus": 1,
                "processor_description": "2.0 GHz Intel® Xeon® Platinum 8167M (Skylake)"
              }
            ],
            "source_details": [
              {
                "boot_volume_size_in_gbs": "47",
                "kms_key_id": "",
                "source_id": "ocid1.image.oc1.uk-london-1.aaaaaaaadwao26icgeoa7oqi7asokxkdllua6ypyyc2avm5yb2qovrup6zaa",
                "source_type": "image"
              }
            ],
            "state": "RUNNING",
            "subnet_id": "ocid1.subnet.oc1.uk-london-1.aaaaaaaakj4ar7glzquveas4gbyduhtu2bzbqvvoi6kgqiz5ritgeeyecaha",
            "system_tags": {},
            "time_created": "2022-05-18 12:30:24.506 +0000 UTC",
            "time_maintenance_reboot_due": "",
            "timeouts": null
          },
          "sensitive_attributes": [],
          "private": "eyJlMmJmYjczMC1lY2FhLTExZTYtOGY4OC0zNDM2M2JjN2M0YzAiOnsiY3JlYXRlIjoyNzAwMDAwMDAwMDAwLCJkZWxldGUiOjQ1MDAwMDAwMDAwMDAsInVwZGF0ZSI6MjcwMDAwMDAwMDAwMH19",
          "dependencies": [
            "oci_core_internet_gateway.IGW",
            "oci_core_route_table.RTforWeb",
            "oci_core_security_list.forSubnetWeb",
            "oci_core_subnet.Web",
            "oci_core_vcn.TestVCN"
          ]
        }
      ]
    },
    {
      "mode": "managed",
      "type": "oci_core_internet_gateway",
      "name": "IGW",
      "provider": "provider[\"registry.terraform.io/oracle/oci\"]",
      "instances": [
        {
          "schema_version": 0,
          "attributes": {
            "compartment_id": "ocid1.compartment.oc1..aaaaaaaatugjo2bcrwpvldgdrsureaf2oxznf3kfiwiwxwm7jqpemozv2zfa",
            "defined_tags": {},
            "display_name": "IGW",
            "enabled": true,
            "freeform_tags": {},
            "id": "ocid1.internetgateway.oc1.uk-london-1.aaaaaaaa7mu2xqj5g5pdwfc6alcn6gu2aqlkfxloulc2pd3rm3jpx2schc4q",
            "state": "AVAILABLE",
            "time_created": "2022-05-18 11:32:27.514 +0000 UTC",
            "timeouts": null,
            "vcn_id": "ocid1.vcn.oc1.uk-london-1.amaaaaaa2ne4d2aaz23cnhvt3y2fvszkymf2ehm7i2pkmrdnwgc3t6jvakwq"
          },
          "sensitive_attributes": [],
          "private": "eyJlMmJmYjczMC1lY2FhLTExZTYtOGY4OC0zNDM2M2JjN2M0YzAiOnsiY3JlYXRlIjoxMjAwMDAwMDAwMDAwLCJkZWxldGUiOjEyMDAwMDAwMDAwMDAsInVwZGF0ZSI6MTIwMDAwMDAwMDAwMH19",
          "dependencies": [
            "oci_core_vcn.TestVCN"
          ]
        }
      ]
    },
    {
      "mode": "managed",
      "type": "oci_core_nat_gateway",
      "name": "test_nat_gateway",
      "provider": "provider[\"registry.terraform.io/oracle/oci\"]",
      "instances": [
        {
          "schema_version": 0,
          "attributes": {
            "block_traffic": false,
            "compartment_id": "ocid1.compartment.oc1..aaaaaaaatugjo2bcrwpvldgdrsureaf2oxznf3kfiwiwxwm7jqpemozv2zfa",
            "defined_tags": {},
            "display_name": "natGW",
            "freeform_tags": {},
            "id": "ocid1.natgateway.oc1.uk-london-1.aaaaaaaanxwgtqhn7iuubuphguzmya3osdngleflgukryicb4emkmyseqmwa",
            "nat_ip": "143.47.254.227",
            "public_ip_id": "ocid1.publicip.oc1.uk-london-1.aaaaaaaaecjguw72s2h75ymrdzcusei6lymcxjecrvo4c374vwyowow3ubeq",
            "state": "AVAILABLE",
            "time_created": "2022-05-18 11:32:27.742 +0000 UTC",
            "timeouts": null,
            "vcn_id": "ocid1.vcn.oc1.uk-london-1.amaaaaaa2ne4d2aaz23cnhvt3y2fvszkymf2ehm7i2pkmrdnwgc3t6jvakwq"
          },
          "sensitive_attributes": [],
          "private": "eyJlMmJmYjczMC1lY2FhLTExZTYtOGY4OC0zNDM2M2JjN2M0YzAiOnsiY3JlYXRlIjoxMjAwMDAwMDAwMDAwLCJkZWxldGUiOjEyMDAwMDAwMDAwMDAsInVwZGF0ZSI6MTIwMDAwMDAwMDAwMH19",
          "dependencies": [
            "oci_core_vcn.TestVCN"
          ]
        }
      ]
    },
    {
      "mode": "managed",
      "type": "oci_core_route_table",
      "name": "RTforDB",
      "provider": "provider[\"registry.terraform.io/oracle/oci\"]",
      "instances": [
        {
          "schema_version": 0,
          "attributes": {
            "compartment_id": "ocid1.compartment.oc1..aaaaaaaatugjo2bcrwpvldgdrsureaf2oxznf3kfiwiwxwm7jqpemozv2zfa",
            "defined_tags": {},
            "display_name": "RTforDB",
            "freeform_tags": {},
            "id": "ocid1.routetable.oc1.uk-london-1.aaaaaaaanaeoaevecfss244vtd37nwmjtedqosgvgpuhc7beczoky5ghtktq",
            "route_rules": [
              {
                "cidr_block": "",
                "description": "",
                "destination": "0.0.0.0/0",
                "destination_type": "CIDR_BLOCK",
                "network_entity_id": "ocid1.natgateway.oc1.uk-london-1.aaaaaaaanxwgtqhn7iuubuphguzmya3osdngleflgukryicb4emkmyseqmwa"
              }
            ],
            "state": "AVAILABLE",
            "time_created": "2022-05-18 11:32:28.992 +0000 UTC",
            "timeouts": null,
            "vcn_id": "ocid1.vcn.oc1.uk-london-1.amaaaaaa2ne4d2aaz23cnhvt3y2fvszkymf2ehm7i2pkmrdnwgc3t6jvakwq"
          },
          "sensitive_attributes": [],
          "private": "eyJlMmJmYjczMC1lY2FhLTExZTYtOGY4OC0zNDM2M2JjN2M0YzAiOnsiY3JlYXRlIjoxMjAwMDAwMDAwMDAwLCJkZWxldGUiOjEyMDAwMDAwMDAwMDAsInVwZGF0ZSI6MTIwMDAwMDAwMDAwMH19",
          "dependencies": [
            "oci_core_nat_gateway.test_nat_gateway",
            "oci_core_vcn.TestVCN"
          ]
        }
      ]
    },
    {
      "mode": "managed",
      "type": "oci_core_route_table",
      "name": "RTforWeb",
      "provider": "provider[\"registry.terraform.io/oracle/oci\"]",
      "instances": [
        {
          "schema_version": 0,
          "attributes": {
            "compartment_id": "ocid1.compartment.oc1..aaaaaaaatugjo2bcrwpvldgdrsureaf2oxznf3kfiwiwxwm7jqpemozv2zfa",
            "defined_tags": {},
            "display_name": "RTforWeb",
            "freeform_tags": {},
            "id": "ocid1.routetable.oc1.uk-london-1.aaaaaaaauu3fiydsuvjevsuhfz6c6bjarptwkxkeycmceu35v7anmtbqachq",
            "route_rules": [
              {
                "cidr_block": "",
                "description": "",
                "destination": "0.0.0.0/0",
                "destination_type": "CIDR_BLOCK",
                "network_entity_id": "ocid1.internetgateway.oc1.uk-london-1.aaaaaaaa7mu2xqj5g5pdwfc6alcn6gu2aqlkfxloulc2pd3rm3jpx2schc4q"
              }
            ],
            "state": "AVAILABLE",
            "time_created": "2022-05-18 11:32:27.906 +0000 UTC",
            "timeouts": null,
            "vcn_id": "ocid1.vcn.oc1.uk-london-1.amaaaaaa2ne4d2aaz23cnhvt3y2fvszkymf2ehm7i2pkmrdnwgc3t6jvakwq"
          },
          "sensitive_attributes": [],
          "private": "eyJlMmJmYjczMC1lY2FhLTExZTYtOGY4OC0zNDM2M2JjN2M0YzAiOnsiY3JlYXRlIjoxMjAwMDAwMDAwMDAwLCJkZWxldGUiOjEyMDAwMDAwMDAwMDAsInVwZGF0ZSI6MTIwMDAwMDAwMDAwMH19",
          "dependencies": [
            "oci_core_internet_gateway.IGW",
            "oci_core_vcn.TestVCN"
          ]
        }
      ]
    },
    {
      "mode": "managed",
      "type": "oci_core_security_list",
      "name": "forDB",
      "provider": "provider[\"registry.terraform.io/oracle/oci\"]",
      "instances": [
        {
          "schema_version": 0,
          "attributes": {
            "compartment_id": "ocid1.compartment.oc1..aaaaaaaatugjo2bcrwpvldgdrsureaf2oxznf3kfiwiwxwm7jqpemozv2zfa",
            "defined_tags": {},
            "display_name": "ForDB",
            "egress_security_rules": [
              {
                "description": "",
                "destination": "0.0.0.0/0",
                "destination_type": "CIDR_BLOCK",
                "icmp_options": [],
                "protocol": "all",
                "stateless": false,
                "tcp_options": [],
                "udp_options": []
              }
            ],
            "freeform_tags": {},
            "id": "ocid1.securitylist.oc1.uk-london-1.aaaaaaaaflaceozh6mrwuwfrzy4auq2oxzxfatjw2b5uw7hnon6slgndjonq",
            "ingress_security_rules": [
              {
                "description": "",
                "icmp_options": [],
                "protocol": "6",
                "source": "192.168.1.0/24",
                "source_type": "CIDR_BLOCK",
                "stateless": false,
                "tcp_options": [
                  {
                    "max": 22,
                    "min": 22,
                    "source_port_range": []
                  }
                ],
                "udp_options": []
              }
            ],
            "state": "AVAILABLE",
            "time_created": "2022-05-18 11:32:27.561 +0000 UTC",
            "timeouts": null,
            "vcn_id": "ocid1.vcn.oc1.uk-london-1.amaaaaaa2ne4d2aaz23cnhvt3y2fvszkymf2ehm7i2pkmrdnwgc3t6jvakwq"
          },
          "sensitive_attributes": [],
          "private": "eyJlMmJmYjczMC1lY2FhLTExZTYtOGY4OC0zNDM2M2JjN2M0YzAiOnsiY3JlYXRlIjoxMjAwMDAwMDAwMDAwLCJkZWxldGUiOjEyMDAwMDAwMDAwMDAsInVwZGF0ZSI6MTIwMDAwMDAwMDAwMH19",
          "dependencies": [
            "oci_core_vcn.TestVCN"
          ]
        }
      ]
    },
    {
      "mode": "managed",
      "type": "oci_core_security_list",
      "name": "forSubnetWeb",
      "provider": "provider[\"registry.terraform.io/oracle/oci\"]",
      "instances": [
        {
          "schema_version": 0,
          "attributes": {
            "compartment_id": "ocid1.compartment.oc1..aaaaaaaatugjo2bcrwpvldgdrsureaf2oxznf3kfiwiwxwm7jqpemozv2zfa",
            "defined_tags": {},
            "display_name": "ForWeb",
            "egress_security_rules": [
              {
                "description": "",
                "destination": "0.0.0.0/0",
                "destination_type": "CIDR_BLOCK",
                "icmp_options": [],
                "protocol": "all",
                "stateless": false,
                "tcp_options": [],
                "udp_options": []
              }
            ],
            "freeform_tags": {},
            "id": "ocid1.securitylist.oc1.uk-london-1.aaaaaaaaay4hdf7u4kwwzdxirxkdooa4xuejrbmg7gvsk7cp7wedzs2hratq",
            "ingress_security_rules": [
              {
                "description": "",
                "icmp_options": [],
                "protocol": "6",
                "source": "0.0.0.0/0",
                "source_type": "CIDR_BLOCK",
                "stateless": false,
                "tcp_options": [
                  {
                    "max": 22,
                    "min": 22,
                    "source_port_range": []
                  }
                ],
                "udp_options": []
              },
              {
                "description": "",
                "icmp_options": [],
                "protocol": "6",
                "source": "0.0.0.0/0",
                "source_type": "CIDR_BLOCK",
                "stateless": false,
                "tcp_options": [
                  {
                    "max": 443,
                    "min": 443,
                    "source_port_range": []
                  }
                ],
                "udp_options": []
              },
              {
                "description": "",
                "icmp_options": [],
                "protocol": "6",
                "source": "0.0.0.0/0",
                "source_type": "CIDR_BLOCK",
                "stateless": false,
                "tcp_options": [
                  {
                    "max": 80,
                    "min": 80,
                    "source_port_range": []
                  }
                ],
                "udp_options": []
              }
            ],
            "state": "AVAILABLE",
            "time_created": "2022-05-18 11:53:05.359 +0000 UTC",
            "timeouts": null,
            "vcn_id": "ocid1.vcn.oc1.uk-london-1.amaaaaaa2ne4d2aaz23cnhvt3y2fvszkymf2ehm7i2pkmrdnwgc3t6jvakwq"
          },
          "sensitive_attributes": [],
          "private": "eyJlMmJmYjczMC1lY2FhLTExZTYtOGY4OC0zNDM2M2JjN2M0YzAiOnsiY3JlYXRlIjoxMjAwMDAwMDAwMDAwLCJkZWxldGUiOjEyMDAwMDAwMDAwMDAsInVwZGF0ZSI6MTIwMDAwMDAwMDAwMH19",
          "dependencies": [
            "oci_core_vcn.TestVCN"
          ]
        }
      ]
    },
    {
      "mode": "managed",
      "type": "oci_core_subnet",
      "name": "DB",
      "provider": "provider[\"registry.terraform.io/oracle/oci\"]",
      "instances": [
        {
          "schema_version": 0,
          "attributes": {
            "availability_domain": null,
            "cidr_block": "192.168.2.0/24",
            "compartment_id": "ocid1.compartment.oc1..aaaaaaaatugjo2bcrwpvldgdrsureaf2oxznf3kfiwiwxwm7jqpemozv2zfa",
            "defined_tags": {},
            "dhcp_options_id": "ocid1.dhcpoptions.oc1.uk-london-1.aaaaaaaanbl3zvne46g43hhjrpz75ggnfdbnhyhks5isitt2fu4px6bao5zq",
            "display_name": "DBsubnet",
            "dns_label": null,
            "freeform_tags": {},
            "id": "ocid1.subnet.oc1.uk-london-1.aaaaaaaafcjem3vswt67uo4xcc3u7kebjo4zfebocuhilob7u3i6ngtm7bwa",
            "ipv6cidr_block": null,
            "ipv6cidr_blocks": [],
            "ipv6virtual_router_ip": null,
            "prohibit_internet_ingress": true,
            "prohibit_public_ip_on_vnic": true,
            "route_table_id": "ocid1.routetable.oc1.uk-london-1.aaaaaaaanaeoaevecfss244vtd37nwmjtedqosgvgpuhc7beczoky5ghtktq",
            "security_list_ids": [
              "ocid1.securitylist.oc1.uk-london-1.aaaaaaaaflaceozh6mrwuwfrzy4auq2oxzxfatjw2b5uw7hnon6slgndjonq"
            ],
            "state": "AVAILABLE",
            "subnet_domain_name": null,
            "time_created": "2022-05-18 12:20:45.124 +0000 UTC",
            "timeouts": null,
            "vcn_id": "ocid1.vcn.oc1.uk-london-1.amaaaaaa2ne4d2aaz23cnhvt3y2fvszkymf2ehm7i2pkmrdnwgc3t6jvakwq",
            "virtual_router_ip": "192.168.2.1",
            "virtual_router_mac": "00:00:17:CC:A0:49"
          },
          "sensitive_attributes": [],
          "private": "eyJlMmJmYjczMC1lY2FhLTExZTYtOGY4OC0zNDM2M2JjN2M0YzAiOnsiY3JlYXRlIjoxMjAwMDAwMDAwMDAwLCJkZWxldGUiOjEyMDAwMDAwMDAwMDAsInVwZGF0ZSI6MTIwMDAwMDAwMDAwMH19",
          "dependencies": [
            "oci_core_nat_gateway.test_nat_gateway",
            "oci_core_route_table.RTforDB",
            "oci_core_security_list.forDB",
            "oci_core_vcn.TestVCN"
          ]
        }
      ]
    },
    {
      "mode": "managed",
      "type": "oci_core_subnet",
      "name": "Web",
      "provider": "provider[\"registry.terraform.io/oracle/oci\"]",
      "instances": [
        {
          "schema_version": 0,
          "attributes": {
            "availability_domain": null,
            "cidr_block": "192.168.1.0/24",
            "compartment_id": "ocid1.compartment.oc1..aaaaaaaatugjo2bcrwpvldgdrsureaf2oxznf3kfiwiwxwm7jqpemozv2zfa",
            "defined_tags": {},
            "dhcp_options_id": "ocid1.dhcpoptions.oc1.uk-london-1.aaaaaaaanbl3zvne46g43hhjrpz75ggnfdbnhyhks5isitt2fu4px6bao5zq",
            "display_name": "WebSubnet",
            "dns_label": null,
            "freeform_tags": {},
            "id": "ocid1.subnet.oc1.uk-london-1.aaaaaaaakj4ar7glzquveas4gbyduhtu2bzbqvvoi6kgqiz5ritgeeyecaha",
            "ipv6cidr_block": null,
            "ipv6cidr_blocks": [],
            "ipv6virtual_router_ip": null,
            "prohibit_internet_ingress": false,
            "prohibit_public_ip_on_vnic": false,
            "route_table_id": "ocid1.routetable.oc1.uk-london-1.aaaaaaaauu3fiydsuvjevsuhfz6c6bjarptwkxkeycmceu35v7anmtbqachq",
            "security_list_ids": [
              "ocid1.securitylist.oc1.uk-london-1.aaaaaaaaay4hdf7u4kwwzdxirxkdooa4xuejrbmg7gvsk7cp7wedzs2hratq"
            ],
            "state": "AVAILABLE",
            "subnet_domain_name": null,
            "time_created": "2022-05-18 11:32:28.43 +0000 UTC",
            "timeouts": null,
            "vcn_id": "ocid1.vcn.oc1.uk-london-1.amaaaaaa2ne4d2aaz23cnhvt3y2fvszkymf2ehm7i2pkmrdnwgc3t6jvakwq",
            "virtual_router_ip": "192.168.1.1",
            "virtual_router_mac": "00:00:17:CC:A0:49"
          },
          "sensitive_attributes": [],
          "private": "eyJlMmJmYjczMC1lY2FhLTExZTYtOGY4OC0zNDM2M2JjN2M0YzAiOnsiY3JlYXRlIjoxMjAwMDAwMDAwMDAwLCJkZWxldGUiOjEyMDAwMDAwMDAwMDAsInVwZGF0ZSI6MTIwMDAwMDAwMDAwMH19",
          "dependencies": [
            "oci_core_internet_gateway.IGW",
            "oci_core_route_table.RTforWeb",
            "oci_core_security_list.forSubnetWeb",
            "oci_core_vcn.TestVCN"
          ]
        }
      ]
    },
    {
      "mode": "managed",
      "type": "oci_core_vcn",
      "name": "TestVCN",
      "provider": "provider[\"registry.terraform.io/oracle/oci\"]",
      "instances": [
        {
          "schema_version": 0,
          "attributes": {
            "byoipv6cidr_blocks": [],
            "byoipv6cidr_details": [],
            "cidr_block": "192.168.0.0/16",
            "cidr_blocks": [
              "192.168.0.0/16"
            ],
            "compartment_id": "ocid1.compartment.oc1..aaaaaaaatugjo2bcrwpvldgdrsureaf2oxznf3kfiwiwxwm7jqpemozv2zfa",
            "default_dhcp_options_id": "ocid1.dhcpoptions.oc1.uk-london-1.aaaaaaaanbl3zvne46g43hhjrpz75ggnfdbnhyhks5isitt2fu4px6bao5zq",
            "default_route_table_id": "ocid1.routetable.oc1.uk-london-1.aaaaaaaaowaewusaeq65qb4bjipoxypmq65bqrerj3zzlawimhbkyimigtvq",
            "default_security_list_id": "ocid1.securitylist.oc1.uk-london-1.aaaaaaaaxhut4g5g32xbb7esbawiv5nocej5k4elqmxuw65rncd3tx3bmm4q",
            "defined_tags": {},
            "display_name": "Terraform VCN",
            "dns_label": null,
            "freeform_tags": {},
            "id": "ocid1.vcn.oc1.uk-london-1.amaaaaaa2ne4d2aaz23cnhvt3y2fvszkymf2ehm7i2pkmrdnwgc3t6jvakwq",
            "ipv6cidr_blocks": [],
            "ipv6private_cidr_blocks": [],
            "is_ipv6enabled": false,
            "is_oracle_gua_allocation_enabled": null,
            "state": "AVAILABLE",
            "time_created": "2022-05-18 11:32:26.737 +0000 UTC",
            "timeouts": null,
            "vcn_domain_name": null
          },
          "sensitive_attributes": [],
          "private": "eyJlMmJmYjczMC1lY2FhLTExZTYtOGY4OC0zNDM2M2JjN2M0YzAiOnsiY3JlYXRlIjoxMjAwMDAwMDAwMDAwLCJkZWxldGUiOjEyMDAwMDAwMDAwMDAsInVwZGF0ZSI6MTIwMDAwMDAwMDAwMH19"
        }
      ]
    }
  ]
}
